
Microsoft Visual Studio Solution File, Format Version 12.00
# Visual Studio 2013
VisualStudioVersion = 12.0.21005.1
MinimumVisualStudioVersion = 10.0.40219.1
Project("{FAE04EC0-301F-11D3-BF4B-00C04F79EFBC}") = "TestSoc", "TestSoc\TestSoc.csproj", "{0D80035F-80CD-4449-924B-9C1772A0312C}"
EndProject
Project("{FAE04EC0-301F-11D3-BF4B-00C04F79EFBC}") = "View", "View\View.csproj", "{306A4938-7A02-435B-A4CF-2DFD8E27BBBC}"
EndProject
Global
	GlobalSection(SolutionConfigurationPlatforms) = preSolution
		Debug|Any CPU = Debug|Any CPU
		Release|Any CPU = Release|Any CPU
	EndGlobalSection
	GlobalSection(ProjectConfigurationPlatforms) = postSolution
		{0D80035F-80CD-4449-924B-9C1772A0312C}.Debug|Any CPU.ActiveCfg = Debug|Any CPU
		{0D80035F-80CD-4449-924B-9C1772A0312C}.Debug|Any CPU.Build.0 = Debug|Any CPU
		{0D80035F-80CD-4449-924B-9C1772A0312C}.Release|Any CPU.ActiveCfg = Release|Any CPU
		{0D80035F-80CD-4449-924B-9C1772A0312C}.Release|Any CPU.Build.0 = Release|Any CPU
		{306A4938-7A02-435B-A4CF-2DFD8E27BBBC}.Debug|Any CPU.ActiveCfg = Debug|Any CPU
		{306A4938-7A02-435B-A4CF-2DFD8E27BBBC}.Debug|Any CPU.Build.0 = Debug|Any CPU
		{306A4938-7A02-435B-A4CF-2DFD8E27BBBC}.Release|Any CPU.ActiveCfg = Release|Any CPU
		{306A4938-7A02-435B-A4CF-2DFD8E27BBBC}.Release|Any CPU.Build.0 = Release|Any CPU
	EndGlobalSection
	GlobalSection(SolutionProperties) = preSolution
		HideSolutionNode = FALSE
	EndGlobalSection
EndGlobal
